
Microsoft Visual Studio Solution File, Format Version 12.00
# Visual Studio Version 17
VisualStudioVersion = 17.12.35506.116 d17.12
MinimumVisualStudioVersion = 10.0.40219.1
Project("{FAE04EC0-301F-11D3-BF4B-00C04F79EFBC}") = "BankSphere.Api", "BankSphere.Api.csproj", "{4C07F15A-AFA7-438A-9CCF-023D04EF07FF}"
EndProject
Project("{FAE04EC0-301F-11D3-BF4B-00C04F79EFBC}") = "BankSphere.Domain", "..\BankSphereDomain\BankSphere.Domain.csproj", "{0B8A68CB-044C-428A-8BA3-A0B4DBDCD7EA}"
EndProject
Project("{FAE04EC0-301F-11D3-BF4B-00C04F79EFBC}") = "BankSphere.Infrastructure", "..\BankSphere.Infrastructure\BankSphere.Infrastructure.csproj", "{7063294B-CC40-4642-B038-63DD1FFE724D}"
EndProject
Global
	GlobalSection(SolutionConfigurationPlatforms) = preSolution
		Debug|Any CPU = Debug|Any CPU
		Release|Any CPU = Release|Any CPU
	EndGlobalSection
	GlobalSection(ProjectConfigurationPlatforms) = postSolution
		{4C07F15A-AFA7-438A-9CCF-023D04EF07FF}.Debug|Any CPU.ActiveCfg = Debug|Any CPU
		{4C07F15A-AFA7-438A-9CCF-023D04EF07FF}.Debug|Any CPU.Build.0 = Debug|Any CPU
		{4C07F15A-AFA7-438A-9CCF-023D04EF07FF}.Release|Any CPU.ActiveCfg = Release|Any CPU
		{4C07F15A-AFA7-438A-9CCF-023D04EF07FF}.Release|Any CPU.Build.0 = Release|Any CPU
		{0B8A68CB-044C-428A-8BA3-A0B4DBDCD7EA}.Debug|Any CPU.ActiveCfg = Debug|Any CPU
		{0B8A68CB-044C-428A-8BA3-A0B4DBDCD7EA}.Debug|Any CPU.Build.0 = Debug|Any CPU
		{0B8A68CB-044C-428A-8BA3-A0B4DBDCD7EA}.Release|Any CPU.ActiveCfg = Release|Any CPU
		{0B8A68CB-044C-428A-8BA3-A0B4DBDCD7EA}.Release|Any CPU.Build.0 = Release|Any CPU
		{7063294B-CC40-4642-B038-63DD1FFE724D}.Debug|Any CPU.ActiveCfg = Debug|Any CPU
		{7063294B-CC40-4642-B038-63DD1FFE724D}.Debug|Any CPU.Build.0 = Debug|Any CPU
		{7063294B-CC40-4642-B038-63DD1FFE724D}.Release|Any CPU.ActiveCfg = Release|Any CPU
		{7063294B-CC40-4642-B038-63DD1FFE724D}.Release|Any CPU.Build.0 = Release|Any CPU
	EndGlobalSection
	GlobalSection(SolutionProperties) = preSolution
		HideSolutionNode = FALSE
	EndGlobalSection
EndGlobal
